
Microsoft Visual Studio Solution File, Format Version 12.00
# Visual Studio 2013
VisualStudioVersion = 12.0.21005.1
MinimumVisualStudioVersion = 10.0.40219.1
Project("{FAE04EC0-301F-11D3-BF4B-00C04F79EFBC}") = "iCCupUnrealLobbyManager", "iCCupUnrealLobbyManager\iCCupUnrealLobbyManager.csproj", "{BB0F366B-528E-4AD9-9A57-2A4E8ABB725C}"
EndProject
Project("{8BC9CEB8-8B4A-11D0-8D11-00A0C91BC942}") = "iCCupLobbyHelper", "iCCupLobbyHelper\iCCupLobbyHelper.vcxproj", "{2A8C77DF-AC76-44E2-80D0-119A99402B88}"
EndProject
Global
	GlobalSection(SolutionConfigurationPlatforms) = preSolution
		Debug|Win32 = Debug|Win32
		Release|Win32 = Release|Win32
	EndGlobalSection
	GlobalSection(ProjectConfigurationPlatforms) = postSolution
		{BB0F366B-528E-4AD9-9A57-2A4E8ABB725C}.Debug|Win32.ActiveCfg = Debug|x86
		{BB0F366B-528E-4AD9-9A57-2A4E8ABB725C}.Debug|Win32.Build.0 = Debug|x86
		{BB0F366B-528E-4AD9-9A57-2A4E8ABB725C}.Release|Win32.ActiveCfg = Release|x86
		{BB0F366B-528E-4AD9-9A57-2A4E8ABB725C}.Release|Win32.Build.0 = Release|x86
		{2A8C77DF-AC76-44E2-80D0-119A99402B88}.Debug|Win32.ActiveCfg = Debug|Win32
		{2A8C77DF-AC76-44E2-80D0-119A99402B88}.Debug|Win32.Build.0 = Debug|Win32
		{2A8C77DF-AC76-44E2-80D0-119A99402B88}.Release|Win32.ActiveCfg = Release|Win32
	EndGlobalSection
	GlobalSection(SolutionProperties) = preSolution
		HideSolutionNode = FALSE
	EndGlobalSection
EndGlobal
